
Microsoft Visual Studio Solution File, Format Version 12.00
# Visual Studio Version 16
VisualStudioVersion = 16.0.29009.5
MinimumVisualStudioVersion = 10.0.40219.1
Project("{FAE04EC0-301F-11D3-BF4B-00C04F79EFBC}") = "HistoricalMysteryAPI", "HistoricalMysteryAPI.csproj", "{44FEF39B-0ED5-4C0B-A8A0-42F0743CCBAC}"
EndProject
Global
	GlobalSection(SolutionConfigurationPlatforms) = preSolution
		Debug|Any CPU = Debug|Any CPU
		Release|Any CPU = Release|Any CPU
	EndGlobalSection
	GlobalSection(ProjectConfigurationPlatforms) = postSolution
		{44FEF39B-0ED5-4C0B-A8A0-42F0743CCBAC}.Debug|Any CPU.ActiveCfg = Debug|Any CPU
		{44FEF39B-0ED5-4C0B-A8A0-42F0743CCBAC}.Debug|Any CPU.Build.0 = Debug|Any CPU
		{44FEF39B-0ED5-4C0B-A8A0-42F0743CCBAC}.Release|Any CPU.ActiveCfg = Release|Any CPU
		{44FEF39B-0ED5-4C0B-A8A0-42F0743CCBAC}.Release|Any CPU.Build.0 = Release|Any CPU
	EndGlobalSection
	GlobalSection(SolutionProperties) = preSolution
		HideSolutionNode = FALSE
	EndGlobalSection
	GlobalSection(ExtensibilityGlobals) = postSolution
		SolutionGuid = {3F3E2B95-C8F1-46D6-8B14-14F5647FEDF9}
	EndGlobalSection
EndGlobal
